# This file is autogenerated, do not edit; changes may be undone by the next 'dep ensure'.


[[projects]]
  name = "github.com/pavel-v-chernykh/keystore-go"
  packages = ["."]
  revision = "7bbcda7e585ed7a01e8610f6e19dde5bc2c1f6d0"
  version = "v2.1.0"

[solve-meta]
  analyzer-name = "dep"
  analyzer-version = 1
  inputs-digest = "5b7d0bf007870b25e5b2bcb533c71bf0fb3321675b514f9ac2c19f2808e6afd9"
  solver-name = "gps-cdcl"
  solver-version = 1
